lockfileVersion: '9.0'

settings:
  autoInstallPeers: true
  excludeLinksFromLockfile: false

importers:

  .:
    devDependencies:
      hono:
        specifier: ^4.6.3
        version: 4.6.3

packages:

  hono@4.6.3:
    resolution: {integrity: sha512-0LeEuBNFeSHGqZ9sNVVgZjB1V5fmhkBSB0hZrpqStSMLOWgfLy0dHOvrjbJh0H2khsjet6rbHfWTHY0kpYThKQ==}
    engines: {node: '>=16.9.0'}

snapshots:

  hono@4.6.3: {}
